
Microsoft Visual Studio Solution File, Format Version 12.00
# Visual Studio Version 17
VisualStudioVersion = 17.8.34330.188
MinimumVisualStudioVersion = 10.0.40219.1
Project("{9A19103F-16F7-4668-BE54-9A1E7A4F7556}") = "StudentInfoWebApp", "StudentInfoWebApp.csproj", "{D16D0C90-0B80-4012-BA9F-B143949C512D}"
EndProject
Global
	GlobalSection(SolutionConfigurationPlatforms) = preSolution
		Debug|Any CPU = Debug|Any CPU
		Release|Any CPU = Release|Any CPU
	EndGlobalSection
	GlobalSection(ProjectConfigurationPlatforms) = postSolution
		{D16D0C90-0B80-4012-BA9F-B143949C512D}.Debug|Any CPU.ActiveCfg = Debug|Any CPU
		{D16D0C90-0B80-4012-BA9F-B143949C512D}.Debug|Any CPU.Build.0 = Debug|Any CPU
		{D16D0C90-0B80-4012-BA9F-B143949C512D}.Release|Any CPU.ActiveCfg = Release|Any CPU
		{D16D0C90-0B80-4012-BA9F-B143949C512D}.Release|Any CPU.Build.0 = Release|Any CPU
	EndGlobalSection
	GlobalSection(SolutionProperties) = preSolution
		HideSolutionNode = FALSE
	EndGlobalSection
	GlobalSection(ExtensibilityGlobals) = postSolution
		SolutionGuid = {3ED1891E-BF03-454F-A4D9-7B2E295E1505}
	EndGlobalSection
EndGlobal
